
Microsoft Visual Studio Solution File, Format Version 12.00
# Visual Studio Version 17
VisualStudioVersion = 17.12.35707.178
MinimumVisualStudioVersion = 10.0.40219.1
Project("{9A19103F-16F7-4668-BE54-9A1E7A4F7556}") = "ProyectoMotaFinal", "ProyectoMotaFinal\ProyectoMotaFinal.csproj", "{E29A2401-70F3-4857-8230-E864771F2F60}"
EndProject
Project("{2150E333-8FDC-42A3-9474-1A3956D46DE8}") = "Solution Items", "Solution Items", "{9BDA2D74-839A-4216-973F-DF94C4245BD9}"
EndProject
Global
	GlobalSection(SolutionConfigurationPlatforms) = preSolution
		Debug|Any CPU = Debug|Any CPU
		Release|Any CPU = Release|Any CPU
	EndGlobalSection
	GlobalSection(ProjectConfigurationPlatforms) = postSolution
		{E29A2401-70F3-4857-8230-E864771F2F60}.Debug|Any CPU.ActiveCfg = Debug|Any CPU
		{E29A2401-70F3-4857-8230-E864771F2F60}.Debug|Any CPU.Build.0 = Debug|Any CPU
		{E29A2401-70F3-4857-8230-E864771F2F60}.Release|Any CPU.ActiveCfg = Release|Any CPU
		{E29A2401-70F3-4857-8230-E864771F2F60}.Release|Any CPU.Build.0 = Release|Any CPU
	EndGlobalSection
	GlobalSection(SolutionProperties) = preSolution
		HideSolutionNode = FALSE
	EndGlobalSection
	GlobalSection(ExtensibilityGlobals) = postSolution
		SolutionGuid = {2038A715-657F-474E-B186-4601E4E14A70}
	EndGlobalSection
EndGlobal
